
Microsoft Visual Studio Solution File, Format Version 12.00
# Visual Studio Version 17
VisualStudioVersion = 17.10.35122.118
MinimumVisualStudioVersion = 10.0.40219.1
Project("{2150E333-8FDC-42A3-9474-1A3956D46DE8}") = "src", "src", "{1173EAD2-E0AD-4ADD-9C9B-51BF3CAA79E0}"
EndProject
Project("{2150E333-8FDC-42A3-9474-1A3956D46DE8}") = "doc", "doc", "{6960DA83-F5D7-41B5-8EAD-2EC4E7130163}"
EndProject
Project("{2150E333-8FDC-42A3-9474-1A3956D46DE8}") = "test", "test", "{767E93AF-1E3C-4ECE-9866-E5D1D9B14998}"
EndProject
Project("{2150E333-8FDC-42A3-9474-1A3956D46DE8}") = "API", "API", "{8FBACD0A-95FC-4906-BD27-5A91C8FC4474}"
EndProject
Project("{2150E333-8FDC-42A3-9474-1A3956D46DE8}") = "Core", "Core", "{494C5EE9-1595-452A-896B-BC7B9E04760D}"
EndProject
Project("{2150E333-8FDC-42A3-9474-1A3956D46DE8}") = "Infrastructure", "Infrastructure", "{0727712A-3F5A-410C-BCCC-4F3AF1F857B6}"
EndProject
Project("{FAE04EC0-301F-11D3-BF4B-00C04F79EFBC}") = "TestN5.Application", "TestN5.Application\TestN5.Application.csproj", "{4F1D4CCE-0D29-4B78-AA0B-53A195E12032}"
EndProject
Project("{FAE04EC0-301F-11D3-BF4B-00C04F79EFBC}") = "TestN5.Domain", "TestN5.Domain\TestN5.Domain.csproj", "{594D9748-7B45-4325-8AE3-150AAB0138C2}"
EndProject
Project("{FAE04EC0-301F-11D3-BF4B-00C04F79EFBC}") = "TestN5.Infrastructure", "TestN5.Infrastructure\TestN5.Infrastructure.csproj", "{E7B5F074-6BDC-426C-8CFE-C7EE3AF1C3D4}"
EndProject
Project("{FAE04EC0-301F-11D3-BF4B-00C04F79EFBC}") = "TestN5.Api", "TestN5.Api\TestN5.Api.csproj", "{7FF09633-C3CE-4076-9D02-381C0FFF72D1}"
EndProject
Global
	GlobalSection(SolutionConfigurationPlatforms) = preSolution
		Debug|Any CPU = Debug|Any CPU
		Release|Any CPU = Release|Any CPU
	EndGlobalSection
	GlobalSection(ProjectConfigurationPlatforms) = postSolution
		{4F1D4CCE-0D29-4B78-AA0B-53A195E12032}.Debug|Any CPU.ActiveCfg = Debug|Any CPU
		{4F1D4CCE-0D29-4B78-AA0B-53A195E12032}.Debug|Any CPU.Build.0 = Debug|Any CPU
		{4F1D4CCE-0D29-4B78-AA0B-53A195E12032}.Release|Any CPU.ActiveCfg = Release|Any CPU
		{4F1D4CCE-0D29-4B78-AA0B-53A195E12032}.Release|Any CPU.Build.0 = Release|Any CPU
		{594D9748-7B45-4325-8AE3-150AAB0138C2}.Debug|Any CPU.ActiveCfg = Debug|Any CPU
		{594D9748-7B45-4325-8AE3-150AAB0138C2}.Debug|Any CPU.Build.0 = Debug|Any CPU
		{594D9748-7B45-4325-8AE3-150AAB0138C2}.Release|Any CPU.ActiveCfg = Release|Any CPU
		{594D9748-7B45-4325-8AE3-150AAB0138C2}.Release|Any CPU.Build.0 = Release|Any CPU
		{E7B5F074-6BDC-426C-8CFE-C7EE3AF1C3D4}.Debug|Any CPU.ActiveCfg = Debug|Any CPU
		{E7B5F074-6BDC-426C-8CFE-C7EE3AF1C3D4}.Debug|Any CPU.Build.0 = Debug|Any CPU
		{E7B5F074-6BDC-426C-8CFE-C7EE3AF1C3D4}.Release|Any CPU.ActiveCfg = Release|Any CPU
		{E7B5F074-6BDC-426C-8CFE-C7EE3AF1C3D4}.Release|Any CPU.Build.0 = Release|Any CPU
		{7FF09633-C3CE-4076-9D02-381C0FFF72D1}.Debug|Any CPU.ActiveCfg = Debug|Any CPU
		{7FF09633-C3CE-4076-9D02-381C0FFF72D1}.Debug|Any CPU.Build.0 = Debug|Any CPU
		{7FF09633-C3CE-4076-9D02-381C0FFF72D1}.Release|Any CPU.ActiveCfg = Release|Any CPU
		{7FF09633-C3CE-4076-9D02-381C0FFF72D1}.Release|Any CPU.Build.0 = Release|Any CPU
	EndGlobalSection
	GlobalSection(SolutionProperties) = preSolution
		HideSolutionNode = FALSE
	EndGlobalSection
	GlobalSection(NestedProjects) = preSolution
		{8FBACD0A-95FC-4906-BD27-5A91C8FC4474} = {1173EAD2-E0AD-4ADD-9C9B-51BF3CAA79E0}
		{494C5EE9-1595-452A-896B-BC7B9E04760D} = {1173EAD2-E0AD-4ADD-9C9B-51BF3CAA79E0}
		{0727712A-3F5A-410C-BCCC-4F3AF1F857B6} = {1173EAD2-E0AD-4ADD-9C9B-51BF3CAA79E0}
		{4F1D4CCE-0D29-4B78-AA0B-53A195E12032} = {494C5EE9-1595-452A-896B-BC7B9E04760D}
		{594D9748-7B45-4325-8AE3-150AAB0138C2} = {494C5EE9-1595-452A-896B-BC7B9E04760D}
		{E7B5F074-6BDC-426C-8CFE-C7EE3AF1C3D4} = {0727712A-3F5A-410C-BCCC-4F3AF1F857B6}
		{7FF09633-C3CE-4076-9D02-381C0FFF72D1} = {8FBACD0A-95FC-4906-BD27-5A91C8FC4474}
	EndGlobalSection
	GlobalSection(ExtensibilityGlobals) = postSolution
		SolutionGuid = {5B57D1FD-4AE8-4630-82BA-4505EEF95835}
	EndGlobalSection
EndGlobal
